
Microsoft Visual Studio Solution File, Format Version 12.00
# Visual Studio Version 17
VisualStudioVersion = 17.5.33414.496
MinimumVisualStudioVersion = 10.0.40219.1
Project("{9A19103F-16F7-4668-BE54-9A1E7A4F7556}") = "Alastack.Consul", "src\Alastack.Consul\Alastack.Consul.csproj", "{1C58BE4D-8128-4F16-8549-50ACF9C6ADCB}"
EndProject
Project("{2150E333-8FDC-42A3-9474-1A3956D46DE8}") = "samples", "samples", "{9082AC1A-FD18-4765-B566-5640B12DAD9D}"
EndProject
Project("{2150E333-8FDC-42A3-9474-1A3956D46DE8}") = "src", "src", "{69088A22-70EC-496A-ACDD-0E4FEABA81A2}"
EndProject
Project("{9A19103F-16F7-4668-BE54-9A1E7A4F7556}") = "AspNetSample", "samples\AspNetSample\AspNetSample.csproj", "{554A55E9-C31E-49DF-89E7-B9ECD4B21F84}"
EndProject
Project("{2150E333-8FDC-42A3-9474-1A3956D46DE8}") = "test", "test", "{EDC6A64F-D56C-41D2-AC00-9C84E9BB4E32}"
EndProject
Project("{9A19103F-16F7-4668-BE54-9A1E7A4F7556}") = "Alastack.Consul.Tests", "test\Alastack.Consul.Tests\Alastack.Consul.Tests.csproj", "{22F6DCC8-E2E1-48D1-A79F-35645E2DD9F0}"
EndProject
Project("{9A19103F-16F7-4668-BE54-9A1E7A4F7556}") = "ConsoleSample", "samples\ConsoleSample\ConsoleSample.csproj", "{1DE22138-561E-41E2-B155-1901BEA2B217}"
EndProject
Project("{9A19103F-16F7-4668-BE54-9A1E7A4F7556}") = "WorkerServiceSample", "samples\WorkerServiceSample\WorkerServiceSample.csproj", "{9EC659D1-5AD6-45B3-9689-A13AA7F0B32B}"
EndProject
Project("{9A19103F-16F7-4668-BE54-9A1E7A4F7556}") = "Sample.Common", "samples\Sample.Common\Sample.Common.csproj", "{1568F366-4789-4F94-95E6-F29904FC564A}"
EndProject
Project("{2150E333-8FDC-42A3-9474-1A3956D46DE8}") = "Solution Items", "Solution Items", "{91672949-90C0-4DFC-8A3E-F122714E2EFF}"
	ProjectSection(SolutionItems) = preProject
		Directory.Build.props = Directory.Build.props
		README.md = README.md
	EndProjectSection
EndProject
Project("{9A19103F-16F7-4668-BE54-9A1E7A4F7556}") = "Alastack.Consul.AspNetCore", "src\Alastack.Consul.AspNetCore\Alastack.Consul.AspNetCore.csproj", "{83CB6AAE-ABFD-46C5-B95A-4D6C76886E80}"
EndProject
Project("{9A19103F-16F7-4668-BE54-9A1E7A4F7556}") = "DynamicInstanceSample", "samples\DynamicInstanceSample\DynamicInstanceSample.csproj", "{BADD916B-6B30-469F-84FE-411F277BE585}"
EndProject
Global
	GlobalSection(SolutionConfigurationPlatforms) = preSolution
		Debug|Any CPU = Debug|Any CPU
		Release|Any CPU = Release|Any CPU
	EndGlobalSection
	GlobalSection(ProjectConfigurationPlatforms) = postSolution
		{1C58BE4D-8128-4F16-8549-50ACF9C6ADCB}.Debug|Any CPU.ActiveCfg = Debug|Any CPU
		{1C58BE4D-8128-4F16-8549-50ACF9C6ADCB}.Debug|Any CPU.Build.0 = Debug|Any CPU
		{1C58BE4D-8128-4F16-8549-50ACF9C6ADCB}.Release|Any CPU.ActiveCfg = Release|Any CPU
		{1C58BE4D-8128-4F16-8549-50ACF9C6ADCB}.Release|Any CPU.Build.0 = Release|Any CPU
		{554A55E9-C31E-49DF-89E7-B9ECD4B21F84}.Debug|Any CPU.ActiveCfg = Debug|Any CPU
		{554A55E9-C31E-49DF-89E7-B9ECD4B21F84}.Debug|Any CPU.Build.0 = Debug|Any CPU
		{554A55E9-C31E-49DF-89E7-B9ECD4B21F84}.Release|Any CPU.ActiveCfg = Release|Any CPU
		{554A55E9-C31E-49DF-89E7-B9ECD4B21F84}.Release|Any CPU.Build.0 = Release|Any CPU
		{22F6DCC8-E2E1-48D1-A79F-35645E2DD9F0}.Debug|Any CPU.ActiveCfg = Debug|Any CPU
		{22F6DCC8-E2E1-48D1-A79F-35645E2DD9F0}.Debug|Any CPU.Build.0 = Debug|Any CPU
		{22F6DCC8-E2E1-48D1-A79F-35645E2DD9F0}.Release|Any CPU.ActiveCfg = Release|Any CPU
		{22F6DCC8-E2E1-48D1-A79F-35645E2DD9F0}.Release|Any CPU.Build.0 = Release|Any CPU
		{1DE22138-561E-41E2-B155-1901BEA2B217}.Debug|Any CPU.ActiveCfg = Debug|Any CPU
		{1DE22138-561E-41E2-B155-1901BEA2B217}.Debug|Any CPU.Build.0 = Debug|Any CPU
		{1DE22138-561E-41E2-B155-1901BEA2B217}.Release|Any CPU.ActiveCfg = Release|Any CPU
		{1DE22138-561E-41E2-B155-1901BEA2B217}.Release|Any CPU.Build.0 = Release|Any CPU
		{9EC659D1-5AD6-45B3-9689-A13AA7F0B32B}.Debug|Any CPU.ActiveCfg = Debug|Any CPU
		{9EC659D1-5AD6-45B3-9689-A13AA7F0B32B}.Debug|Any CPU.Build.0 = Debug|Any CPU
		{9EC659D1-5AD6-45B3-9689-A13AA7F0B32B}.Release|Any CPU.ActiveCfg = Release|Any CPU
		{9EC659D1-5AD6-45B3-9689-A13AA7F0B32B}.Release|Any CPU.Build.0 = Release|Any CPU
		{1568F366-4789-4F94-95E6-F29904FC564A}.Debug|Any CPU.ActiveCfg = Debug|Any CPU
		{1568F366-4789-4F94-95E6-F29904FC564A}.Debug|Any CPU.Build.0 = Debug|Any CPU
		{1568F366-4789-4F94-95E6-F29904FC564A}.Release|Any CPU.ActiveCfg = Release|Any CPU
		{1568F366-4789-4F94-95E6-F29904FC564A}.Release|Any CPU.Build.0 = Release|Any CPU
		{83CB6AAE-ABFD-46C5-B95A-4D6C76886E80}.Debug|Any CPU.ActiveCfg = Debug|Any CPU
		{83CB6AAE-ABFD-46C5-B95A-4D6C76886E80}.Debug|Any CPU.Build.0 = Debug|Any CPU
		{83CB6AAE-ABFD-46C5-B95A-4D6C76886E80}.Release|Any CPU.ActiveCfg = Release|Any CPU
		{83CB6AAE-ABFD-46C5-B95A-4D6C76886E80}.Release|Any CPU.Build.0 = Release|Any CPU
		{BADD916B-6B30-469F-84FE-411F277BE585}.Debug|Any CPU.ActiveCfg = Debug|Any CPU
		{BADD916B-6B30-469F-84FE-411F277BE585}.Debug|Any CPU.Build.0 = Debug|Any CPU
		{BADD916B-6B30-469F-84FE-411F277BE585}.Release|Any CPU.ActiveCfg = Release|Any CPU
		{BADD916B-6B30-469F-84FE-411F277BE585}.Release|Any CPU.Build.0 = Release|Any CPU
	EndGlobalSection
	GlobalSection(SolutionProperties) = preSolution
		HideSolutionNode = FALSE
	EndGlobalSection
	GlobalSection(NestedProjects) = preSolution
		{1C58BE4D-8128-4F16-8549-50ACF9C6ADCB} = {69088A22-70EC-496A-ACDD-0E4FEABA81A2}
		{554A55E9-C31E-49DF-89E7-B9ECD4B21F84} = {9082AC1A-FD18-4765-B566-5640B12DAD9D}
		{22F6DCC8-E2E1-48D1-A79F-35645E2DD9F0} = {EDC6A64F-D56C-41D2-AC00-9C84E9BB4E32}
		{1DE22138-561E-41E2-B155-1901BEA2B217} = {9082AC1A-FD18-4765-B566-5640B12DAD9D}
		{9EC659D1-5AD6-45B3-9689-A13AA7F0B32B} = {9082AC1A-FD18-4765-B566-5640B12DAD9D}
		{1568F366-4789-4F94-95E6-F29904FC564A} = {9082AC1A-FD18-4765-B566-5640B12DAD9D}
		{83CB6AAE-ABFD-46C5-B95A-4D6C76886E80} = {69088A22-70EC-496A-ACDD-0E4FEABA81A2}
		{BADD916B-6B30-469F-84FE-411F277BE585} = {9082AC1A-FD18-4765-B566-5640B12DAD9D}
	EndGlobalSection
	GlobalSection(ExtensibilityGlobals) = postSolution
		SolutionGuid = {B4666193-0F92-4DED-A70F-7BF173E5B153}
	EndGlobalSection
EndGlobal
